
Microsoft Visual Studio Solution File, Format Version 12.00
# Visual Studio 14
VisualStudioVersion = 14.0.25420.1
MinimumVisualStudioVersion = 10.0.40219.1
Project("{FAE04EC0-301F-11D3-BF4B-00C04F79EFBC}") = "CSC430 Project", "CSC430 Project\CSC430 Project.csproj", "{F14BF63A-5911-449B-9D38-552B8B154519}"
EndProject
Global
	GlobalSection(SolutionConfigurationPlatforms) = preSolution
		Debug|Any CPU = Debug|Any CPU
		Release|Any CPU = Release|Any CPU
	EndGlobalSection
	GlobalSection(ProjectConfigurationPlatforms) = postSolution
		{F14BF63A-5911-449B-9D38-552B8B154519}.Debug|Any CPU.ActiveCfg = Debug|Any CPU
		{F14BF63A-5911-449B-9D38-552B8B154519}.Debug|Any CPU.Build.0 = Debug|Any CPU
		{F14BF63A-5911-449B-9D38-552B8B154519}.Release|Any CPU.ActiveCfg = Release|Any CPU
		{F14BF63A-5911-449B-9D38-552B8B154519}.Release|Any CPU.Build.0 = Release|Any CPU
	EndGlobalSection
	GlobalSection(SolutionProperties) = preSolution
		HideSolutionNode = FALSE
	EndGlobalSection
EndGlobal
